// !$*UTF8*$!
{
	archiveVersion = 1;
	classes = {
	};
	objectVersion = 48;
	objects = {

/* Begin PBXBuildFile section */
		25079EB72034A792006DFC87 /* ReportViewController.swift in Sources */ = {isa = PBXBuildFile; fileRef = 25079EB62034A792006DFC87 /* ReportViewController.swift */; };
		25079EBB2034B103006DFC87 /* GroupsViewController.swift in Sources */ = {isa = PBXBuildFile; fileRef = 25079EBA2034B103006DFC87 /* GroupsViewController.swift */; };
		25079EBD2034B3A8006DFC87 /* ActivityViewController.swift in Sources */ = {isa = PBXBuildFile; fileRef = 25079EBC2034B3A8006DFC87 /* ActivityViewController.swift */; };
		25C4DC6C20598A340080C7D2 /* DataModel.xcdatamodeld in Sources */ = {isa = PBXBuildFile; fileRef = 25C4DC6A20598A340080C7D2 /* DataModel.xcdatamodeld */; };
		25D1EA072061E48400121A15 /* ActivityTableViewCell.swift in Sources */ = {isa = PBXBuildFile; fileRef = 25D1EA062061E48400121A15 /* ActivityTableViewCell.swift */; };
		25D2D77620472D3200C3ADEF /* ReportBViewController.swift in Sources */ = {isa = PBXBuildFile; fileRef = 25D2D77520472D3200C3ADEF /* ReportBViewController.swift */; };
		25D2D77D20473BDB00C3ADEF /* ReportCViewController.swift in Sources */ = {isa = PBXBuildFile; fileRef = 25D2D77C20473BDB00C3ADEF /* ReportCViewController.swift */; };
		25D71CD3203471E900A97E77 /* AppDelegate.swift in Sources */ = {isa = PBXBuildFile; fileRef = 25D71CD2203471E900A97E77 /* AppDelegate.swift */; };
		25D71CD5203471E900A97E77 /* ViewController.swift in Sources */ = {isa = PBXBuildFile; fileRef = 25D71CD4203471E900A97E77 /* ViewController.swift */; };
		25D71CD8203471E900A97E77 /* Main.storyboard in Resources */ = {isa = PBXBuildFile; fileRef = 25D71CD6203471E900A97E77 /* Main.storyboard */; };
		25D71CDA203471E900A97E77 /* Assets.xcassets in Resources */ = {isa = PBXBuildFile; fileRef = 25D71CD9203471E900A97E77 /* Assets.xcassets */; };
		25D71CDD203471E900A97E77 /* LaunchScreen.storyboard in Resources */ = {isa = PBXBuildFile; fileRef = 25D71CDB203471E900A97E77 /* LaunchScreen.storyboard */; };
		25D71CE8203471E900A97E77 /* Field_AssistantTests.swift in Sources */ = {isa = PBXBuildFile; fileRef = 25D71CE7203471E900A97E77 /* Field_AssistantTests.swift */; };
		25D71CF3203471E900A97E77 /* Field_AssistantUITests.swift in Sources */ = {isa = PBXBuildFile; fileRef = 25D71CF2203471E900A97E77 /* Field_AssistantUITests.swift */; };
/* End PBXBuildFile section */

/* Begin PBXContainerItemProxy section */
		25D71CE4203471E900A97E77 /* PBXContainerItemProxy */ = {
			isa = PBXContainerItemProxy;
			containerPortal = 25D71CC7203471E900A97E77 /* Project object */;
			proxyType = 1;
			remoteGlobalIDString = 25D71CCE203471E900A97E77;
			remoteInfo = "Field Assistant";
		};
		25D71CEF203471E900A97E77 /* PBXContainerItemProxy */ = {
			isa = PBXContainerItemProxy;
			containerPortal = 25D71CC7203471E900A97E77 /* Project object */;
			proxyType = 1;
			remoteGlobalIDString = 25D71CCE203471E900A97E77;
			remoteInfo = "Field Assistant";
		};
/* End PBXContainerItemProxy section */

/* Begin PBXFileReference section */
		25079EB62034A792006DFC87 /* ReportViewController.swift */ = {isa = PBXFileReference; lastKnownFileType = sourcecode.swift; path = ReportViewController.swift; sourceTree = "<group>"; };
		25079EBA2034B103006DFC87 /* GroupsViewController.swift */ = {isa = PBXFileReference; lastKnownFileType = sourcecode.swift; path = GroupsViewController.swift; sourceTree = "<group>"; };
		25079EBC2034B3A8006DFC87 /* ActivityViewController.swift */ = {isa = PBXFileReference; lastKnownFileType = sourcecode.swift; path = ActivityViewController.swift; sourceTree = "<group>"; };
		25C4DC6B20598A340080C7D2 /* FieldAssistant.xcdatamodel */ = {isa = PBXFileReference; lastKnownFileType = wrapper.xcdatamodel; path = FieldAssistant.xcdatamodel; sourceTree = "<group>"; };
		25D1EA062061E48400121A15 /* ActivityTableViewCell.swift */ = {isa = PBXFileReference; lastKnownFileType = sourcecode.swift; path = ActivityTableViewCell.swift; sourceTree = "<group>"; };
		25D2D77520472D3200C3ADEF /* ReportBViewController.swift */ = {isa = PBXFileReference; lastKnownFileType = sourcecode.swift; path = ReportBViewController.swift; sourceTree = "<group>"; };
		25D2D77C20473BDB00C3ADEF /* ReportCViewController.swift */ = {isa = PBXFileReference; lastKnownFileType = sourcecode.swift; path = ReportCViewController.swift; sourceTree = "<group>"; };
		25D71CCF203471E900A97E77 /* Field Assistant.app */ = {isa = PBXFileReference; explicitFileType = wrapper.application; includeInIndex = 0; path = "Field Assistant.app"; sourceTree = BUILT_PRODUCTS_DIR; };
		25D71CD2203471E900A97E77 /* AppDelegate.swift */ = {isa = PBXFileReference; lastKnownFileType = sourcecode.swift; path = AppDelegate.swift; sourceTree = "<group>"; };
		25D71CD4203471E900A97E77 /* ViewController.swift */ = {isa = PBXFileReference; lastKnownFileType = sourcecode.swift; path = ViewController.swift; sourceTree = "<group>"; };
		25D71CD7203471E900A97E77 /* Base */ = {isa = PBXFileReference; lastKnownFileType = file.storyboard; name = Base; path = Base.lproj/Main.storyboard; sourceTree = "<group>"; };
		25D71CD9203471E900A97E77 /* Assets.xcassets */ = {isa = PBXFileReference; lastKnownFileType = folder.assetcatalog; path = Assets.xcassets; sourceTree = "<group>"; };
		25D71CDC203471E900A97E77 /* Base */ = {isa = PBXFileReference; lastKnownFileType = file.storyboard; name = Base; path = Base.lproj/LaunchScreen.storyboard; sourceTree = "<group>"; };
		25D71CDE203471E900A97E77 /* Info.plist */ = {isa = PBXFileReference; lastKnownFileType = text.plist.xml; path = Info.plist; sourceTree = "<group>"; };
		25D71CE3203471E900A97E77 /* Field AssistantTests.xctest */ = {isa = PBXFileReference; explicitFileType = wrapper.cfbundle; includeInIndex = 0; path = "Field AssistantTests.xctest"; sourceTree = BUILT_PRODUCTS_DIR; };
		25D71CE7203471E900A97E77 /* Field_AssistantTests.swift */ = {isa = PBXFileReference; lastKnownFileType = sourcecode.swift; path = Field_AssistantTests.swift; sourceTree = "<group>"; };
		25D71CE9203471E900A97E77 /* Info.plist */ = {isa = PBXFileReference; lastKnownFileType = text.plist.xml; path = Info.plist; sourceTree = "<group>"; };
		25D71CEE203471E900A97E77 /* Field AssistantUITests.xctest */ = {isa = PBXFileReference; explicitFileType = wrapper.cfbundle; includeInIndex = 0; path = "Field AssistantUITests.xctest"; sourceTree = BUILT_PRODUCTS_DIR; };
		25D71CF2203471E900A97E77 /* Field_AssistantUITests.swift */ = {isa = PBXFileReference; lastKnownFileType = sourcecode.swift; path = Field_AssistantUITests.swift; sourceTree = "<group>"; };
		25D71CF4203471E900A97E77 /* Info.plist */ = {isa = PBXFileReference; lastKnownFileType = text.plist.xml; path = Info.plist; sourceTree = "<group>"; };
/* End PBXFileReference section */

/* Begin PBXFrameworksBuildPhase section */
		25D71CCC203471E900A97E77 /* Frameworks */ = {
			isa = PBXFrameworksBuildPhase;
			buildActionMask = 2147483647;
			files = (
			);
			runOnlyForDeploymentPostprocessing = 0;
		};
		25D71CE0203471E900A97E77 /* Frameworks */ = {
			isa = PBXFrameworksBuildPhase;
			buildActionMask = 2147483647;
			files = (
			);
			runOnlyForDeploymentPostprocessing = 0;
		};
		25D71CEB203471E900A97E77 /* Frameworks */ = {
			isa = PBXFrameworksBuildPhase;
			buildActionMask = 2147483647;
			files = (
			);
			runOnlyForDeploymentPostprocessing = 0;
		};
/* End PBXFrameworksBuildPhase section */

/* Begin PBXGroup section */
		25D2D77920473B8F00C3ADEF /* Report */ = {
			isa = PBXGroup;
			children = (
				25079EB62034A792006DFC87 /* ReportViewController.swift */,
				25D2D77520472D3200C3ADEF /* ReportBViewController.swift */,
				25D2D77C20473BDB00C3ADEF /* ReportCViewController.swift */,
			);
			path = Report;
			sourceTree = "<group>";
		};
		25D2D77A20473BA100C3ADEF /* Activity */ = {
			isa = PBXGroup;
			children = (
				25079EBC2034B3A8006DFC87 /* ActivityViewController.swift */,
				25D1EA062061E48400121A15 /* ActivityTableViewCell.swift */,
			);
			path = Activity;
			sourceTree = "<group>";
		};
		25D2D77B20473BAB00C3ADEF /* Groups */ = {
			isa = PBXGroup;
			children = (
				25079EBA2034B103006DFC87 /* GroupsViewController.swift */,
			);
			path = Groups;
			sourceTree = "<group>";
		};
		25D71CC6203471E900A97E77 = {
			isa = PBXGroup;
			children = (
				25C4DC6A20598A340080C7D2 /* DataModel.xcdatamodeld */,
				25D71CD1203471E900A97E77 /* Field Assistant */,
				25D71CE6203471E900A97E77 /* Field AssistantTests */,
				25D71CF1203471E900A97E77 /* Field AssistantUITests */,
				25D71CD0203471E900A97E77 /* Products */,
			);
			sourceTree = "<group>";
		};
		25D71CD0203471E900A97E77 /* Products */ = {
			isa = PBXGroup;
			children = (
				25D71CCF203471E900A97E77 /* Field Assistant.app */,
				25D71CE3203471E900A97E77 /* Field AssistantTests.xctest */,
				25D71CEE203471E900A97E77 /* Field AssistantUITests.xctest */,
			);
			name = Products;
			sourceTree = "<group>";
		};
		25D71CD1203471E900A97E77 /* Field Assistant */ = {
			isa = PBXGroup;
			children = (
				25D2D77B20473BAB00C3ADEF /* Groups */,
				25D2D77A20473BA100C3ADEF /* Activity */,
				25D2D77920473B8F00C3ADEF /* Report */,
				25D71CD2203471E900A97E77 /* AppDelegate.swift */,
				25D71CD4203471E900A97E77 /* ViewController.swift */,
				25D71CD6203471E900A97E77 /* Main.storyboard */,
				25D71CD9203471E900A97E77 /* Assets.xcassets */,
				25D71CDB203471E900A97E77 /* LaunchScreen.storyboard */,
				25D71CDE203471E900A97E77 /* Info.plist */,
			);
			path = "Field Assistant";
			sourceTree = "<group>";
		};
		25D71CE6203471E900A97E77 /* Field AssistantTests */ = {
			isa = PBXGroup;
			children = (
				25D71CE7203471E900A97E77 /* Field_AssistantTests.swift */,
				25D71CE9203471E900A97E77 /* Info.plist */,
			);
			path = "Field AssistantTests";
			sourceTree = "<group>";
		};
		25D71CF1203471E900A97E77 /* Field AssistantUITests */ = {
			isa = PBXGroup;
			children = (
				25D71CF2203471E900A97E77 /* Field_AssistantUITests.swift */,
				25D71CF4203471E900A97E77 /* Info.plist */,
			);
			path = "Field AssistantUITests";
			sourceTree = "<group>";
		};
/* End PBXGroup section */

/* Begin PBXNativeTarget section */
		25D71CCE203471E900A97E77 /* Field Assistant */ = {
			isa = PBXNativeTarget;
			buildConfigurationList = 25D71CF7203471E900A97E77 /* Build configuration list for PBXNativeTarget "Field Assistant" */;
			buildPhases = (
				25D71CCB203471E900A97E77 /* Sources */,
				25D71CCC203471E900A97E77 /* Frameworks */,
				25D71CCD203471E900A97E77 /* Resources */,
			);
			buildRules = (
			);
			dependencies = (
			);
			name = "Field Assistant";
			productName = "Field Assistant";
			productReference = 25D71CCF203471E900A97E77 /* Field Assistant.app */;
			productType = "com.apple.product-type.application";
		};
		25D71CE2203471E900A97E77 /* Field AssistantTests */ = {
			isa = PBXNativeTarget;
			buildConfigurationList = 25D71CFA203471E900A97E77 /* Build configuration list for PBXNativeTarget "Field AssistantTests" */;
			buildPhases = (
				25D71CDF203471E900A97E77 /* Sources */,
				25D71CE0203471E900A97E77 /* Frameworks */,
				25D71CE1203471E900A97E77 /* Resources */,
			);
			buildRules = (
			);
			dependencies = (
				25D71CE5203471E900A97E77 /* PBXTargetDependency */,
			);
			name = "Field AssistantTests";
			productName = "Field AssistantTests";
			productReference = 25D71CE3203471E900A97E77 /* Field AssistantTests.xctest */;
			productType = "com.apple.product-type.bundle.unit-test";
		};
		25D71CED203471E900A97E77 /* Field AssistantUITests */ = {
			isa = PBXNativeTarget;
			buildConfigurationList = 25D71CFD203471E900A97E77 /* Build configuration list for PBXNativeTarget "Field AssistantUITests" */;
			buildPhases = (
				25D71CEA203471E900A97E77 /* Sources */,
				25D71CEB203471E900A97E77 /* Frameworks */,
				25D71CEC203471E900A97E77 /* Resources */,
			);
			buildRules = (
			);
			dependencies = (
				25D71CF0203471E900A97E77 /* PBXTargetDependency */,
			);
			name = "Field AssistantUITests";
			productName = "Field AssistantUITests";
			productReference = 25D71CEE203471E900A97E77 /* Field AssistantUITests.xctest */;
			productType = "com.apple.product-type.bundle.ui-testing";
		};
/* End PBXNativeTarget section */

/* Begin PBXProject section */
		25D71CC7203471E900A97E77 /* Project object */ = {
			isa = PBXProject;
			attributes = {
				LastSwiftUpdateCheck = 0920;
				LastUpgradeCheck = 0920;
				ORGANIZATIONNAME = "Blake Nelson";
				TargetAttributes = {
					25D71CCE203471E900A97E77 = {
						CreatedOnToolsVersion = 9.2;
						ProvisioningStyle = Automatic;
					};
					25D71CE2203471E900A97E77 = {
						CreatedOnToolsVersion = 9.2;
						ProvisioningStyle = Automatic;
						TestTargetID = 25D71CCE203471E900A97E77;
					};
					25D71CED203471E900A97E77 = {
						CreatedOnToolsVersion = 9.2;
						ProvisioningStyle = Automatic;
						TestTargetID = 25D71CCE203471E900A97E77;
					};
				};
			};
			buildConfigurationList = 25D71CCA203471E900A97E77 /* Build configuration list for PBXProject "Field Assistant" */;
			compatibilityVersion = "Xcode 8.0";
			developmentRegion = en;
			hasScannedForEncodings = 0;
			knownRegions = (
				en,
				Base,
			);
			mainGroup = 25D71CC6203471E900A97E77;
			productRefGroup = 25D71CD0203471E900A97E77 /* Products */;
			projectDirPath = "";
			projectRoot = "";
			targets = (
				25D71CCE203471E900A97E77 /* Field Assistant */,
				25D71CE2203471E900A97E77 /* Field AssistantTests */,
				25D71CED203471E900A97E77 /* Field AssistantUITests */,
			);
		};
/* End PBXProject section */

/* Begin PBXResourcesBuildPhase section */
		25D71CCD203471E900A97E77 /* Resources */ = {
			isa = PBXResourcesBuildPhase;
			buildActionMask = 2147483647;
			files = (
				25D71CDD203471E900A97E77 /* LaunchScreen.storyboard in Resources */,
				25D71CDA203471E900A97E77 /* Assets.xcassets in Resources */,
				25D71CD8203471E900A97E77 /* Main.storyboard in Resources */,
			);
			runOnlyForDeploymentPostprocessing = 0;
		};
		25D71CE1203471E900A97E77 /* Resources */ = {
			isa = PBXResourcesBuildPhase;
			buildActionMask = 2147483647;
			files = (
			);
			runOnlyForDeploymentPostprocessing = 0;
		};
		25D71CEC203471E900A97E77 /* Resources */ = {
			isa = PBXResourcesBuildPhase;
			buildActionMask = 2147483647;
			files = (
			);
			runOnlyForDeploymentPostprocessing = 0;
		};
/* End PBXResourcesBuildPhase section */

/* Begin PBXSourcesBuildPhase section */
		25D71CCB203471E900A97E77 /* Sources */ = {
			isa = PBXSourcesBuildPhase;
			buildActionMask = 2147483647;
			files = (
				25079EBB2034B103006DFC87 /* GroupsViewController.swift in Sources */,
				25D71CD5203471E900A97E77 /* ViewController.swift in Sources */,
				25D71CD3203471E900A97E77 /* AppDelegate.swift in Sources */,
				25C4DC6C20598A340080C7D2 /* DataModel.xcdatamodeld in Sources */,
				25D2D77D20473BDB00C3ADEF /* ReportCViewController.swift in Sources */,
				25079EBD2034B3A8006DFC87 /* ActivityViewController.swift in Sources */,
				25079EB72034A792006DFC87 /* ReportViewController.swift in Sources */,
				25D2D77620472D3200C3ADEF /* ReportBViewController.swift in Sources */,
				25D1EA072061E48400121A15 /* ActivityTableViewCell.swift in Sources */,
			);
			runOnlyForDeploymentPostprocessing = 0;
		};
		25D71CDF203471E900A97E77 /* Sources */ = {
			isa = PBXSourcesBuildPhase;
			buildActionMask = 2147483647;
			files = (
				25D71CE8203471E900A97E77 /* Field_AssistantTests.swift in Sources */,
			);
			runOnlyForDeploymentPostprocessing = 0;
		};
		25D71CEA203471E900A97E77 /* Sources */ = {
			isa = PBXSourcesBuildPhase;
			buildActionMask = 2147483647;
			files = (
				25D71CF3203471E900A97E77 /* Field_AssistantUITests.swift in Sources */,
			);
			runOnlyForDeploymentPostprocessing = 0;
		};
/* End PBXSourcesBuildPhase section */

/* Begin PBXTargetDependency section */
		25D71CE5203471E900A97E77 /* PBXTargetDependency */ = {
			isa = PBXTargetDependency;
			target = 25D71CCE203471E900A97E77 /* Field Assistant */;
			targetProxy = 25D71CE4203471E900A97E77 /* PBXContainerItemProxy */;
		};
		25D71CF0203471E900A97E77 /* PBXTargetDependency */ = {
			isa = PBXTargetDependency;
			target = 25D71CCE203471E900A97E77 /* Field Assistant */;
			targetProxy = 25D71CEF203471E900A97E77 /* PBXContainerItemProxy */;
		};
/* End PBXTargetDependency section */

/* Begin PBXVariantGroup section */
		25D71CD6203471E900A97E77 /* Main.storyboard */ = {
			isa = PBXVariantGroup;
			children = (
				25D71CD7203471E900A97E77 /* Base */,
			);
			name = Main.storyboard;
			sourceTree = "<group>";
		};
		25D71CDB203471E900A97E77 /* LaunchScreen.storyboard */ = {
			isa = PBXVariantGroup;
			children = (
				25D71CDC203471E900A97E77 /* Base */,
			);
			name = LaunchScreen.storyboard;
			sourceTree = "<group>";
		};
/* End PBXVariantGroup section */

/* Begin XCBuildConfiguration section */
		25D71CF5203471E900A97E77 /* Debug */ = {
			isa = XCBuildConfiguration;
			buildSettings = {
				ALWAYS_SEARCH_USER_PATHS = NO;
				CLANG_ANALYZER_NONNULL = YES;
				CLANG_ANALYZER_NUMBER_OBJECT_CONVERSION = YES_AGGRESSIVE;
				CLANG_CXX_LANGUAGE_STANDARD = "gnu++14";
				CLANG_CXX_LIBRARY = "libc++";
				CLANG_ENABLE_MODULES = YES;
				CLANG_ENABLE_OBJC_ARC = YES;
				CLANG_WARN_BLOCK_CAPTURE_AUTORELEASING = YES;
				CLANG_WARN_BOOL_CONVERSION = YES;
				CLANG_WARN_COMMA = YES;
				CLANG_WARN_CONSTANT_CONVERSION = YES;
				CLANG_WARN_DIRECT_OBJC_ISA_USAGE = YES_ERROR;
				CLANG_WARN_DOCUMENTATION_COMMENTS = YES;
				CLANG_WARN_EMPTY_BODY = YES;
				CLANG_WARN_ENUM_CONVERSION = YES;
				CLANG_WARN_INFINITE_RECURSION = YES;
				CLANG_WARN_INT_CONVERSION = YES;
				CLANG_WARN_NON_LITERAL_NULL_CONVERSION = YES;
				CLANG_WARN_OBJC_LITERAL_CONVERSION = YES;
				CLANG_WARN_OBJC_ROOT_CLASS = YES_ERROR;
				CLANG_WARN_RANGE_LOOP_ANALYSIS = YES;
				CLANG_WARN_STRICT_PROTOTYPES = YES;
				CLANG_WARN_SUSPICIOUS_MOVE = YES;
				CLANG_WARN_UNGUARDED_AVAILABILITY = YES_AGGRESSIVE;
				CLANG_WARN_UNREACHABLE_CODE = YES;
				CLANG_WARN__DUPLICATE_METHOD_MATCH = YES;
				CODE_SIGN_IDENTITY = "iPhone Developer";
				COPY_PHASE_STRIP = NO;
				DEBUG_INFORMATION_FORMAT = dwarf;
				ENABLE_STRICT_OBJC_MSGSEND = YES;
				ENABLE_TESTABILITY = YES;
				GCC_C_LANGUAGE_STANDARD = gnu11;
				GCC_DYNAMIC_NO_PIC = NO;
				GCC_NO_COMMON_BLOCKS = YES;
				GCC_OPTIMIZATION_LEVEL = 0;
				GCC_PREPROCESSOR_DEFINITIONS = (
					"DEBUG=1",
					"$(inherited)",
				);
				GCC_WARN_64_TO_32_BIT_CONVERSION = YES;
				GCC_WARN_ABOUT_RETURN_TYPE = YES_ERROR;
				GCC_WARN_UNDECLARED_SELECTOR = YES;
				GCC_WARN_UNINITIALIZED_AUTOS = YES_AGGRESSIVE;
				GCC_WARN_UNUSED_FUNCTION = YES;
				GCC_WARN_UNUSED_VARIABLE = YES;
				IPHONEOS_DEPLOYMENT_TARGET = 11.2;
				MTL_ENABLE_DEBUG_INFO = YES;
				ONLY_ACTIVE_ARCH = YES;
				SDKROOT = iphoneos;
				SWIFT_ACTIVE_COMPILATION_CONDITIONS = DEBUG;
				SWIFT_OPTIMIZATION_LEVEL = "-Onone";
			};
			name = Debug;
		};
		25D71CF6203471E900A97E77 /* Release */ = {
			isa = XCBuildConfiguration;
			buildSettings = {
				ALWAYS_SEARCH_USER_PATHS = NO;
				CLANG_ANALYZER_NONNULL = YES;
				CLANG_ANALYZER_NUMBER_OBJECT_CONVERSION = YES_AGGRESSIVE;
				CLANG_CXX_LANGUAGE_STANDARD = "gnu++14";
				CLANG_CXX_LIBRARY = "libc++";
				CLANG_ENABLE_MODULES = YES;
				CLANG_ENABLE_OBJC_ARC = YES;
				CLANG_WARN_BLOCK_CAPTURE_AUTORELEASING = YES;
				CLANG_WARN_BOOL_CONVERSION = YES;
				CLANG_WARN_COMMA = YES;
				CLANG_WARN_CONSTANT_CONVERSION = YES;
				CLANG_WARN_DIRECT_OBJC_ISA_USAGE = YES_ERROR;
				CLANG_WARN_DOCUMENTATION_COMMENTS = YES;
				CLANG_WARN_EMPTY_BODY = YES;
				CLANG_WARN_ENUM_CONVERSION = YES;
				CLANG_WARN_INFINITE_RECURSION = YES;
				CLANG_WARN_INT_CONVERSION = YES;
				CLANG_WARN_NON_LITERAL_NULL_CONVERSION = YES;
				CLANG_WARN_OBJC_LITERAL_CONVERSION = YES;
				CLANG_WARN_OBJC_ROOT_CLASS = YES_ERROR;
				CLANG_WARN_RANGE_LOOP_ANALYSIS = YES;
				CLANG_WARN_STRICT_PROTOTYPES = YES;
				CLANG_WARN_SUSPICIOUS_MOVE = YES;
				CLANG_WARN_UNGUARDED_AVAILABILITY = YES_AGGRESSIVE;
				CLANG_WARN_UNREACHABLE_CODE = YES;
				CLANG_WARN__DUPLICATE_METHOD_MATCH = YES;
				CODE_SIGN_IDENTITY = "iPhone Developer";
				COPY_PHASE_STRIP = NO;
				DEBUG_INFORMATION_FORMAT = "dwarf-with-dsym";
				ENABLE_NS_ASSERTIONS = NO;
				ENABLE_STRICT_OBJC_MSGSEND = YES;
				GCC_C_LANGUAGE_STANDARD = gnu11;
				GCC_NO_COMMON_BLOCKS = YES;
				GCC_WARN_64_TO_32_BIT_CONVERSION = YES;
				GCC_WARN_ABOUT_RETURN_TYPE = YES_ERROR;
				GCC_WARN_UNDECLARED_SELECTOR = YES;
				GCC_WARN_UNINITIALIZED_AUTOS = YES_AGGRESSIVE;
				GCC_WARN_UNUSED_FUNCTION = YES;
				GCC_WARN_UNUSED_VARIABLE = YES;
				IPHONEOS_DEPLOYMENT_TARGET = 11.2;
				MTL_ENABLE_DEBUG_INFO = NO;
				SDKROOT = iphoneos;
				SWIFT_OPTIMIZATION_LEVEL = "-Owholemodule";
				VALIDATE_PRODUCT = YES;
			};
			name = Release;
		};
		25D71CF8203471E900A97E77 /* Debug */ = {
			isa = XCBuildConfiguration;
			buildSettings = {
				ASSETCATALOG_COMPILER_APPICON_NAME = AppIcon;
				CODE_SIGN_STYLE = Automatic;
				DEVELOPMENT_TEAM = JG22SPKQS6;
				INFOPLIST_FILE = "Field Assistant/Info.plist";
				IPHONEOS_DEPLOYMENT_TARGET = 11.1;
				LD_RUNPATH_SEARCH_PATHS = "$(inherited) @executable_path/Frameworks";
				PRODUCT_BUNDLE_IDENTIFIER = "blakenelson.Field-Assistant";
				PRODUCT_NAME = "$(TARGET_NAME)";
				SWIFT_VERSION = 4.0;
				TARGETED_DEVICE_FAMILY = "1,2";
			};
			name = Debug;
		};
		25D71CF9203471E900A97E77 /* Release */ = {
			isa = XCBuildConfiguration;
			buildSettings = {
				ASSETCATALOG_COMPILER_APPICON_NAME = AppIcon;
				CODE_SIGN_STYLE = Automatic;
				DEVELOPMENT_TEAM = JG22SPKQS6;
				INFOPLIST_FILE = "Field Assistant/Info.plist";
				IPHONEOS_DEPLOYMENT_TARGET = 11.1;
				LD_RUNPATH_SEARCH_PATHS = "$(inherited) @executable_path/Frameworks";
				PRODUCT_BUNDLE_IDENTIFIER = "blakenelson.Field-Assistant";
				PRODUCT_NAME = "$(TARGET_NAME)";
				SWIFT_VERSION = 4.0;
				TARGETED_DEVICE_FAMILY = "1,2";
			};
			name = Release;
		};
		25D71CFB203471E900A97E77 /* Debug */ = {
			isa = XCBuildConfiguration;
			buildSettings = {
				ALWAYS_EMBED_SWIFT_STANDARD_LIBRARIES = YES;
				BUNDLE_LOADER = "$(TEST_HOST)";
				CODE_SIGN_STYLE = Automatic;
				DEVELOPMENT_TEAM = JG22SPKQS6;
				INFOPLIST_FILE = "Field AssistantTests/Info.plist";
				LD_RUNPATH_SEARCH_PATHS = "$(inherited) @executable_path/Frameworks @loader_path/Frameworks";
				PRODUCT_BUNDLE_IDENTIFIER = "blakenelson.Field-AssistantTests";
				PRODUCT_NAME = "$(TARGET_NAME)";
				SWIFT_VERSION = 4.0;
				TARGETED_DEVICE_FAMILY = "1,2";
				TEST_HOST = "$(BUILT_PRODUCTS_DIR)/Field Assistant.app/Field Assistant";
			};
			name = Debug;
		};
		25D71CFC203471E900A97E77 /* Release */ = {
			isa = XCBuildConfiguration;
			buildSettings = {
				ALWAYS_EMBED_SWIFT_STANDARD_LIBRARIES = YES;
				BUNDLE_LOADER = "$(TEST_HOST)";
				CODE_SIGN_STYLE = Automatic;
				DEVELOPMENT_TEAM = JG22SPKQS6;
				INFOPLIST_FILE = "Field AssistantTests/Info.plist";
				LD_RUNPATH_SEARCH_PATHS = "$(inherited) @executable_path/Frameworks @loader_path/Frameworks";
				PRODUCT_BUNDLE_IDENTIFIER = "blakenelson.Field-AssistantTests";
				PRODUCT_NAME = "$(TARGET_NAME)";
				SWIFT_VERSION = 4.0;
				TARGETED_DEVICE_FAMILY = "1,2";
				TEST_HOST = "$(BUILT_PRODUCTS_DIR)/Field Assistant.app/Field Assistant";
			};
			name = Release;
		};
		25D71CFE203471E900A97E77 /* Debug */ = {
			isa = XCBuildConfiguration;
			buildSettings = {
				ALWAYS_EMBED_SWIFT_STANDARD_LIBRARIES = YES;
				CODE_SIGN_STYLE = Automatic;
				DEVELOPMENT_TEAM = JG22SPKQS6;
				INFOPLIST_FILE = "Field AssistantUITests/Info.plist";
				LD_RUNPATH_SEARCH_PATHS = "$(inherited) @executable_path/Frameworks @loader_path/Frameworks";
				PRODUCT_BUNDLE_IDENTIFIER = "blakenelson.Field-AssistantUITests";
				PRODUCT_NAME = "$(TARGET_NAME)";
				SWIFT_VERSION = 4.0;
				TARGETED_DEVICE_FAMILY = "1,2";
				TEST_TARGET_NAME = "Field Assistant";
			};
			name = Debug;
		};
		25D71CFF203471E900A97E77 /* Release */ = {
			isa = XCBuildConfiguration;
			buildSettings = {
				ALWAYS_EMBED_SWIFT_STANDARD_LIBRARIES = YES;
				CODE_SIGN_STYLE = Automatic;
				DEVELOPMENT_TEAM = JG22SPKQS6;
				INFOPLIST_FILE = "Field AssistantUITests/Info.plist";
				LD_RUNPATH_SEARCH_PATHS = "$(inherited) @executable_path/Frameworks @loader_path/Frameworks";
				PRODUCT_BUNDLE_IDENTIFIER = "blakenelson.Field-AssistantUITests";
				PRODUCT_NAME = "$(TARGET_NAME)";
				SWIFT_VERSION = 4.0;
				TARGETED_DEVICE_FAMILY = "1,2";
				TEST_TARGET_NAME = "Field Assistant";
			};
			name = Release;
		};
/* End XCBuildConfiguration section */

/* Begin XCConfigurationList section */
		25D71CCA203471E900A97E77 /* Build configuration list for PBXProject "Field Assistant" */ = {
			isa = XCConfigurationList;
			buildConfigurations = (
				25D71CF5203471E900A97E77 /* Debug */,
				25D71CF6203471E900A97E77 /* Release */,
			);
			defaultConfigurationIsVisible = 0;
			defaultConfigurationName = Release;
		};
		25D71CF7203471E900A97E77 /* Build configuration list for PBXNativeTarget "Field Assistant" */ = {
			isa = XCConfigurationList;
			buildConfigurations = (
				25D71CF8203471E900A97E77 /* Debug */,
				25D71CF9203471E900A97E77 /* Release */,
			);
			defaultConfigurationIsVisible = 0;
			defaultConfigurationName = Release;
		};
		25D71CFA203471E900A97E77 /* Build configuration list for PBXNativeTarget "Field AssistantTests" */ = {
			isa = XCConfigurationList;
			buildConfigurations = (
				25D71CFB203471E900A97E77 /* Debug */,
				25D71CFC203471E900A97E77 /* Release */,
			);
			defaultConfigurationIsVisible = 0;
			defaultConfigurationName = Release;
		};
		25D71CFD203471E900A97E77 /* Build configuration list for PBXNativeTarget "Field AssistantUITests" */ = {
			isa = XCConfigurationList;
			buildConfigurations = (
				25D71CFE203471E900A97E77 /* Debug */,
				25D71CFF203471E900A97E77 /* Release */,
			);
			defaultConfigurationIsVisible = 0;
			defaultConfigurationName = Release;
		};
/* End XCConfigurationList section */

/* Begin XCVersionGroup section */
		25C4DC6A20598A340080C7D2 /* DataModel.xcdatamodeld */ = {
			isa = XCVersionGroup;
			children = (
				25C4DC6B20598A340080C7D2 /* FieldAssistant.xcdatamodel */,
			);
			currentVersion = 25C4DC6B20598A340080C7D2 /* FieldAssistant.xcdatamodel */;
			path = DataModel.xcdatamodeld;
			sourceTree = "<group>";
			versionGroupType = wrapper.xcdatamodel;
		};
/* End XCVersionGroup section */
	};
	rootObject = 25D71CC7203471E900A97E77 /* Project object */;
}
